
Microsoft Visual Studio Solution File, Format Version 12.00
# Visual Studio Version 16
VisualStudioVersion = 16.0.30413.136
MinimumVisualStudioVersion = 10.0.40219.1
Project("{FAE04EC0-301F-11D3-BF4B-00C04F79EFBC}") = "EnergyReadings", "EnergyReadings.csproj", "{51924211-1CA7-40EE-97E4-F669FD744868}"
EndProject
Global
	GlobalSection(SolutionConfigurationPlatforms) = preSolution
		Debug|Any CPU = Debug|Any CPU
		Release|Any CPU = Release|Any CPU
	EndGlobalSection
	GlobalSection(ProjectConfigurationPlatforms) = postSolution
		{51924211-1CA7-40EE-97E4-F669FD744868}.Debug|Any CPU.ActiveCfg = Debug|Any CPU
		{51924211-1CA7-40EE-97E4-F669FD744868}.Debug|Any CPU.Build.0 = Debug|Any CPU
		{51924211-1CA7-40EE-97E4-F669FD744868}.Release|Any CPU.ActiveCfg = Release|Any CPU
		{51924211-1CA7-40EE-97E4-F669FD744868}.Release|Any CPU.Build.0 = Release|Any CPU
	EndGlobalSection
	GlobalSection(SolutionProperties) = preSolution
		HideSolutionNode = FALSE
	EndGlobalSection
	GlobalSection(ExtensibilityGlobals) = postSolution
		SolutionGuid = {C3282265-98AF-4CAB-87E4-A5F8826D8D84}
	EndGlobalSection
EndGlobal
